
Microsoft Visual Studio Solution File, Format Version 12.00
# Visual Studio 14
VisualStudioVersion = 14.0.25420.1
MinimumVisualStudioVersion = 10.0.40219.1
Project("{FAE04EC0-301F-11D3-BF4B-00C04F79EFBC}") = "AppXamarin", "AppXamarin\AppXamarin\AppXamarin.csproj", "{D2EF124D-DFD6-43D2-92DC-919D24F083C8}"
EndProject
Project("{FAE04EC0-301F-11D3-BF4B-00C04F79EFBC}") = "AppXamarin.Droid", "AppXamarin\AppXamarin.Droid\AppXamarin.Droid.csproj", "{396CFEA8-6C2B-4119-B95F-1CAE76F120C6}"
EndProject
Project("{FAE04EC0-301F-11D3-BF4B-00C04F79EFBC}") = "AppXamarin.iOS", "AppXamarin\AppXamarin.iOS\AppXamarin.iOS.csproj", "{1056F48F-1FDD-4FBC-8C6B-9E84AE5CA58C}"
EndProject
Project("{FAE04EC0-301F-11D3-BF4B-00C04F79EFBC}") = "AppXamarin.WinPhone", "AppXamarin\AppXamarin.WinPhone\AppXamarin.WinPhone.csproj", "{08D60A00-8FD4-47CC-8F81-BEEAB348C08A}"
EndProject
Project("{FAE04EC0-301F-11D3-BF4B-00C04F79EFBC}") = "AppXamarin.UWP", "AppXamarin\AppXamarin.UWP\AppXamarin.UWP.csproj", "{5243AB86-69B3-429A-9C0E-39A98A6AB05A}"
EndProject
Project("{FAE04EC0-301F-11D3-BF4B-00C04F79EFBC}") = "AppXamarin.Windows", "AppXamarin\AppXamarin.Windows\AppXamarin.Windows.csproj", "{A99FB5B7-50C0-4596-BA1E-5C5E80C365A3}"
EndProject
Global
	GlobalSection(SolutionConfigurationPlatforms) = preSolution
		Ad-Hoc|Any CPU = Ad-Hoc|Any CPU
		Ad-Hoc|ARM = Ad-Hoc|ARM
		Ad-Hoc|iPhone = Ad-Hoc|iPhone
		Ad-Hoc|iPhoneSimulator = Ad-Hoc|iPhoneSimulator
		Ad-Hoc|x64 = Ad-Hoc|x64
		Ad-Hoc|x86 = Ad-Hoc|x86
		AppStore|Any CPU = AppStore|Any CPU
		AppStore|ARM = AppStore|ARM
		AppStore|iPhone = AppStore|iPhone
		AppStore|iPhoneSimulator = AppStore|iPhoneSimulator
		AppStore|x64 = AppStore|x64
		AppStore|x86 = AppStore|x86
		Debug|Any CPU = Debug|Any CPU
		Debug|ARM = Debug|ARM
		Debug|iPhone = Debug|iPhone
		Debug|iPhoneSimulator = Debug|iPhoneSimulator
		Debug|x64 = Debug|x64
		Debug|x86 = Debug|x86
		Release|Any CPU = Release|Any CPU
		Release|ARM = Release|ARM
		Release|iPhone = Release|iPhone
		Release|iPhoneSimulator = Release|iPhoneSimulator
		Release|x64 = Release|x64
		Release|x86 = Release|x86
	EndGlobalSection
	GlobalSection(ProjectConfigurationPlatforms) = postSolution
		{D2EF124D-DFD6-43D2-92DC-919D24F083C8}.Ad-Hoc|Any CPU.ActiveCfg = Release|Any CPU
		{D2EF124D-DFD6-43D2-92DC-919D24F083C8}.Ad-Hoc|Any CPU.Build.0 = Release|Any CPU
		{D2EF124D-DFD6-43D2-92DC-919D24F083C8}.Ad-Hoc|ARM.ActiveCfg = Release|Any CPU
		{D2EF124D-DFD6-43D2-92DC-919D24F083C8}.Ad-Hoc|ARM.Build.0 = Release|Any CPU
		{D2EF124D-DFD6-43D2-92DC-919D24F083C8}.Ad-Hoc|iPhone.ActiveCfg = Release|Any CPU
		{D2EF124D-DFD6-43D2-92DC-919D24F083C8}.Ad-Hoc|iPhone.Build.0 = Release|Any CPU
		{D2EF124D-DFD6-43D2-92DC-919D24F083C8}.Ad-Hoc|iPhoneSimulator.ActiveCfg = Release|Any CPU
		{D2EF124D-DFD6-43D2-92DC-919D24F083C8}.Ad-Hoc|iPhoneSimulator.Build.0 = Release|Any CPU
		{D2EF124D-DFD6-43D2-92DC-919D24F083C8}.Ad-Hoc|x64.ActiveCfg = Release|Any CPU
		{D2EF124D-DFD6-43D2-92DC-919D24F083C8}.Ad-Hoc|x64.Build.0 = Release|Any CPU
		{D2EF124D-DFD6-43D2-92DC-919D24F083C8}.Ad-Hoc|x86.ActiveCfg = Release|Any CPU
		{D2EF124D-DFD6-43D2-92DC-919D24F083C8}.Ad-Hoc|x86.Build.0 = Release|Any CPU
		{D2EF124D-DFD6-43D2-92DC-919D24F083C8}.AppStore|Any CPU.ActiveCfg = Release|Any CPU
		{D2EF124D-DFD6-43D2-92DC-919D24F083C8}.AppStore|Any CPU.Build.0 = Release|Any CPU
		{D2EF124D-DFD6-43D2-92DC-919D24F083C8}.AppStore|ARM.ActiveCfg = Release|Any CPU
		{D2EF124D-DFD6-43D2-92DC-919D24F083C8}.AppStore|ARM.Build.0 = Release|Any CPU
		{D2EF124D-DFD6-43D2-92DC-919D24F083C8}.AppStore|iPhone.ActiveCfg = Release|Any CPU
		{D2EF124D-DFD6-43D2-92DC-919D24F083C8}.AppStore|iPhone.Build.0 = Release|Any CPU
		{D2EF124D-DFD6-43D2-92DC-919D24F083C8}.AppStore|iPhoneSimulator.ActiveCfg = Release|Any CPU
		{D2EF124D-DFD6-43D2-92DC-919D24F083C8}.AppStore|iPhoneSimulator.Build.0 = Release|Any CPU
		{D2EF124D-DFD6-43D2-92DC-919D24F083C8}.AppStore|x64.ActiveCfg = Release|Any CPU
		{D2EF124D-DFD6-43D2-92DC-919D24F083C8}.AppStore|x64.Build.0 = Release|Any CPU
		{D2EF124D-DFD6-43D2-92DC-919D24F083C8}.AppStore|x86.ActiveCfg = Release|Any CPU
		{D2EF124D-DFD6-43D2-92DC-919D24F083C8}.AppStore|x86.Build.0 = Release|Any CPU
		{D2EF124D-DFD6-43D2-92DC-919D24F083C8}.Debug|Any CPU.ActiveCfg = Debug|Any CPU
		{D2EF124D-DFD6-43D2-92DC-919D24F083C8}.Debug|Any CPU.Build.0 = Debug|Any CPU
		{D2EF124D-DFD6-43D2-92DC-919D24F083C8}.Debug|ARM.ActiveCfg = Debug|Any CPU
		{D2EF124D-DFD6-43D2-92DC-919D24F083C8}.Debug|ARM.Build.0 = Debug|Any CPU
		{D2EF124D-DFD6-43D2-92DC-919D24F083C8}.Debug|iPhone.ActiveCfg = Debug|Any CPU
		{D2EF124D-DFD6-43D2-92DC-919D24F083C8}.Debug|iPhone.Build.0 = Debug|Any CPU
		{D2EF124D-DFD6-43D2-92DC-919D24F083C8}.Debug|iPhoneSimulator.ActiveCfg = Debug|Any CPU
		{D2EF124D-DFD6-43D2-92DC-919D24F083C8}.Debug|iPhoneSimulator.Build.0 = Debug|Any CPU
		{D2EF124D-DFD6-43D2-92DC-919D24F083C8}.Debug|x64.ActiveCfg = Debug|Any CPU
		{D2EF124D-DFD6-43D2-92DC-919D24F083C8}.Debug|x64.Build.0 = Debug|Any CPU
		{D2EF124D-DFD6-43D2-92DC-919D24F083C8}.Debug|x86.ActiveCfg = Debug|Any CPU
		{D2EF124D-DFD6-43D2-92DC-919D24F083C8}.Debug|x86.Build.0 = Debug|Any CPU
		{D2EF124D-DFD6-43D2-92DC-919D24F083C8}.Release|Any CPU.ActiveCfg = Release|Any CPU
		{D2EF124D-DFD6-43D2-92DC-919D24F083C8}.Release|Any CPU.Build.0 = Release|Any CPU
		{D2EF124D-DFD6-43D2-92DC-919D24F083C8}.Release|ARM.ActiveCfg = Release|Any CPU
		{D2EF124D-DFD6-43D2-92DC-919D24F083C8}.Release|ARM.Build.0 = Release|Any CPU
		{D2EF124D-DFD6-43D2-92DC-919D24F083C8}.Release|iPhone.ActiveCfg = Release|Any CPU
		{D2EF124D-DFD6-43D2-92DC-919D24F083C8}.Release|iPhone.Build.0 = Release|Any CPU
		{D2EF124D-DFD6-43D2-92DC-919D24F083C8}.Release|iPhoneSimulator.ActiveCfg = Release|Any CPU
		{D2EF124D-DFD6-43D2-92DC-919D24F083C8}.Release|iPhoneSimulator.Build.0 = Release|Any CPU
		{D2EF124D-DFD6-43D2-92DC-919D24F083C8}.Release|x64.ActiveCfg = Release|Any CPU
		{D2EF124D-DFD6-43D2-92DC-919D24F083C8}.Release|x64.Build.0 = Release|Any CPU
		{D2EF124D-DFD6-43D2-92DC-919D24F083C8}.Release|x86.ActiveCfg = Release|Any CPU
		{D2EF124D-DFD6-43D2-92DC-919D24F083C8}.Release|x86.Build.0 = Release|Any CPU
		{396CFEA8-6C2B-4119-B95F-1CAE76F120C6}.Ad-Hoc|Any CPU.ActiveCfg = Release|Any CPU
		{396CFEA8-6C2B-4119-B95F-1CAE76F120C6}.Ad-Hoc|Any CPU.Build.0 = Release|Any CPU
		{396CFEA8-6C2B-4119-B95F-1CAE76F120C6}.Ad-Hoc|Any CPU.Deploy.0 = Release|Any CPU
		{396CFEA8-6C2B-4119-B95F-1CAE76F120C6}.Ad-Hoc|ARM.ActiveCfg = Release|Any CPU
		{396CFEA8-6C2B-4119-B95F-1CAE76F120C6}.Ad-Hoc|ARM.Build.0 = Release|Any CPU
		{396CFEA8-6C2B-4119-B95F-1CAE76F120C6}.Ad-Hoc|ARM.Deploy.0 = Release|Any CPU
		{396CFEA8-6C2B-4119-B95F-1CAE76F120C6}.Ad-Hoc|iPhone.ActiveCfg = Release|Any CPU
		{396CFEA8-6C2B-4119-B95F-1CAE76F120C6}.Ad-Hoc|iPhone.Build.0 = Release|Any CPU
		{396CFEA8-6C2B-4119-B95F-1CAE76F120C6}.Ad-Hoc|iPhone.Deploy.0 = Release|Any CPU
		{396CFEA8-6C2B-4119-B95F-1CAE76F120C6}.Ad-Hoc|iPhoneSimulator.ActiveCfg = Release|Any CPU
		{396CFEA8-6C2B-4119-B95F-1CAE76F120C6}.Ad-Hoc|iPhoneSimulator.Build.0 = Release|Any CPU
		{396CFEA8-6C2B-4119-B95F-1CAE76F120C6}.Ad-Hoc|iPhoneSimulator.Deploy.0 = Release|Any CPU
		{396CFEA8-6C2B-4119-B95F-1CAE76F120C6}.Ad-Hoc|x64.ActiveCfg = Release|Any CPU
		{396CFEA8-6C2B-4119-B95F-1CAE76F120C6}.Ad-Hoc|x64.Build.0 = Release|Any CPU
		{396CFEA8-6C2B-4119-B95F-1CAE76F120C6}.Ad-Hoc|x64.Deploy.0 = Release|Any CPU
		{396CFEA8-6C2B-4119-B95F-1CAE76F120C6}.Ad-Hoc|x86.ActiveCfg = Release|Any CPU
		{396CFEA8-6C2B-4119-B95F-1CAE76F120C6}.Ad-Hoc|x86.Build.0 = Release|Any CPU
		{396CFEA8-6C2B-4119-B95F-1CAE76F120C6}.Ad-Hoc|x86.Deploy.0 = Release|Any CPU
		{396CFEA8-6C2B-4119-B95F-1CAE76F120C6}.AppStore|Any CPU.ActiveCfg = Release|Any CPU
		{396CFEA8-6C2B-4119-B95F-1CAE76F120C6}.AppStore|Any CPU.Build.0 = Release|Any CPU
		{396CFEA8-6C2B-4119-B95F-1CAE76F120C6}.AppStore|Any CPU.Deploy.0 = Release|Any CPU
		{396CFEA8-6C2B-4119-B95F-1CAE76F120C6}.AppStore|ARM.ActiveCfg = Release|Any CPU
		{396CFEA8-6C2B-4119-B95F-1CAE76F120C6}.AppStore|ARM.Build.0 = Release|Any CPU
		{396CFEA8-6C2B-4119-B95F-1CAE76F120C6}.AppStore|ARM.Deploy.0 = Release|Any CPU
		{396CFEA8-6C2B-4119-B95F-1CAE76F120C6}.AppStore|iPhone.ActiveCfg = Release|Any CPU
		{396CFEA8-6C2B-4119-B95F-1CAE76F120C6}.AppStore|iPhone.Build.0 = Release|Any CPU
		{396CFEA8-6C2B-4119-B95F-1CAE76F120C6}.AppStore|iPhone.Deploy.0 = Release|Any CPU
		{396CFEA8-6C2B-4119-B95F-1CAE76F120C6}.AppStore|iPhoneSimulator.ActiveCfg = Release|Any CPU
		{396CFEA8-6C2B-4119-B95F-1CAE76F120C6}.AppStore|iPhoneSimulator.Build.0 = Release|Any CPU
		{396CFEA8-6C2B-4119-B95F-1CAE76F120C6}.AppStore|iPhoneSimulator.Deploy.0 = Release|Any CPU
		{396CFEA8-6C2B-4119-B95F-1CAE76F120C6}.AppStore|x64.ActiveCfg = Release|Any CPU
		{396CFEA8-6C2B-4119-B95F-1CAE76F120C6}.AppStore|x64.Build.0 = Release|Any CPU
		{396CFEA8-6C2B-4119-B95F-1CAE76F120C6}.AppStore|x64.Deploy.0 = Release|Any CPU
		{396CFEA8-6C2B-4119-B95F-1CAE76F120C6}.AppStore|x86.ActiveCfg = Release|Any CPU
		{396CFEA8-6C2B-4119-B95F-1CAE76F120C6}.AppStore|x86.Build.0 = Release|Any CPU
		{396CFEA8-6C2B-4119-B95F-1CAE76F120C6}.AppStore|x86.Deploy.0 = Release|Any CPU
		{396CFEA8-6C2B-4119-B95F-1CAE76F120C6}.Debug|Any CPU.ActiveCfg = Debug|Any CPU
		{396CFEA8-6C2B-4119-B95F-1CAE76F120C6}.Debug|Any CPU.Build.0 = Debug|Any CPU
		{396CFEA8-6C2B-4119-B95F-1CAE76F120C6}.Debug|Any CPU.Deploy.0 = Debug|Any CPU
		{396CFEA8-6C2B-4119-B95F-1CAE76F120C6}.Debug|ARM.ActiveCfg = Debug|Any CPU
		{396CFEA8-6C2B-4119-B95F-1CAE76F120C6}.Debug|ARM.Build.0 = Debug|Any CPU
		{396CFEA8-6C2B-4119-B95F-1CAE76F120C6}.Debug|ARM.Deploy.0 = Debug|Any CPU
		{396CFEA8-6C2B-4119-B95F-1CAE76F120C6}.Debug|iPhone.ActiveCfg = Debug|Any CPU
		{396CFEA8-6C2B-4119-B95F-1CAE76F120C6}.Debug|iPhone.Build.0 = Debug|Any CPU
		{396CFEA8-6C2B-4119-B95F-1CAE76F120C6}.Debug|iPhone.Deploy.0 = Debug|Any CPU
		{396CFEA8-6C2B-4119-B95F-1CAE76F120C6}.Debug|iPhoneSimulator.ActiveCfg = Debug|Any CPU
		{396CFEA8-6C2B-4119-B95F-1CAE76F120C6}.Debug|iPhoneSimulator.Build.0 = Debug|Any CPU
		{396CFEA8-6C2B-4119-B95F-1CAE76F120C6}.Debug|iPhoneSimulator.Deploy.0 = Debug|Any CPU
		{396CFEA8-6C2B-4119-B95F-1CAE76F120C6}.Debug|x64.ActiveCfg = Debug|Any CPU
		{396CFEA8-6C2B-4119-B95F-1CAE76F120C6}.Debug|x64.Build.0 = Debug|Any CPU
		{396CFEA8-6C2B-4119-B95F-1CAE76F120C6}.Debug|x64.Deploy.0 = Debug|Any CPU
		{396CFEA8-6C2B-4119-B95F-1CAE76F120C6}.Debug|x86.ActiveCfg = Debug|Any CPU
		{396CFEA8-6C2B-4119-B95F-1CAE76F120C6}.Debug|x86.Build.0 = Debug|Any CPU
		{396CFEA8-6C2B-4119-B95F-1CAE76F120C6}.Debug|x86.Deploy.0 = Debug|Any CPU
		{396CFEA8-6C2B-4119-B95F-1CAE76F120C6}.Release|Any CPU.ActiveCfg = Release|Any CPU
		{396CFEA8-6C2B-4119-B95F-1CAE76F120C6}.Release|Any CPU.Build.0 = Release|Any CPU
		{396CFEA8-6C2B-4119-B95F-1CAE76F120C6}.Release|Any CPU.Deploy.0 = Release|Any CPU
		{396CFEA8-6C2B-4119-B95F-1CAE76F120C6}.Release|ARM.ActiveCfg = Release|Any CPU
		{396CFEA8-6C2B-4119-B95F-1CAE76F120C6}.Release|ARM.Build.0 = Release|Any CPU
		{396CFEA8-6C2B-4119-B95F-1CAE76F120C6}.Release|ARM.Deploy.0 = Release|Any CPU
		{396CFEA8-6C2B-4119-B95F-1CAE76F120C6}.Release|iPhone.ActiveCfg = Release|Any CPU
		{396CFEA8-6C2B-4119-B95F-1CAE76F120C6}.Release|iPhone.Build.0 = Release|Any CPU
		{396CFEA8-6C2B-4119-B95F-1CAE76F120C6}.Release|iPhone.Deploy.0 = Release|Any CPU
		{396CFEA8-6C2B-4119-B95F-1CAE76F120C6}.Release|iPhoneSimulator.ActiveCfg = Release|Any CPU
		{396CFEA8-6C2B-4119-B95F-1CAE76F120C6}.Release|iPhoneSimulator.Build.0 = Release|Any CPU
		{396CFEA8-6C2B-4119-B95F-1CAE76F120C6}.Release|iPhoneSimulator.Deploy.0 = Release|Any CPU
		{396CFEA8-6C2B-4119-B95F-1CAE76F120C6}.Release|x64.ActiveCfg = Release|Any CPU
		{396CFEA8-6C2B-4119-B95F-1CAE76F120C6}.Release|x64.Build.0 = Release|Any CPU
		{396CFEA8-6C2B-4119-B95F-1CAE76F120C6}.Release|x64.Deploy.0 = Release|Any CPU
		{396CFEA8-6C2B-4119-B95F-1CAE76F120C6}.Release|x86.ActiveCfg = Release|Any CPU
		{396CFEA8-6C2B-4119-B95F-1CAE76F120C6}.Release|x86.Build.0 = Release|Any CPU
		{396CFEA8-6C2B-4119-B95F-1CAE76F120C6}.Release|x86.Deploy.0 = Release|Any CPU
		{1056F48F-1FDD-4FBC-8C6B-9E84AE5CA58C}.Ad-Hoc|Any CPU.ActiveCfg = Ad-Hoc|iPhone
		{1056F48F-1FDD-4FBC-8C6B-9E84AE5CA58C}.Ad-Hoc|ARM.ActiveCfg = Ad-Hoc|iPhone
		{1056F48F-1FDD-4FBC-8C6B-9E84AE5CA58C}.Ad-Hoc|iPhone.ActiveCfg = Ad-Hoc|iPhone
		{1056F48F-1FDD-4FBC-8C6B-9E84AE5CA58C}.Ad-Hoc|iPhone.Build.0 = Ad-Hoc|iPhone
		{1056F48F-1FDD-4FBC-8C6B-9E84AE5CA58C}.Ad-Hoc|iPhoneSimulator.ActiveCfg = Ad-Hoc|iPhoneSimulator
		{1056F48F-1FDD-4FBC-8C6B-9E84AE5CA58C}.Ad-Hoc|iPhoneSimulator.Build.0 = Ad-Hoc|iPhoneSimulator
		{1056F48F-1FDD-4FBC-8C6B-9E84AE5CA58C}.Ad-Hoc|x64.ActiveCfg = Ad-Hoc|iPhone
		{1056F48F-1FDD-4FBC-8C6B-9E84AE5CA58C}.Ad-Hoc|x86.ActiveCfg = Ad-Hoc|iPhone
		{1056F48F-1FDD-4FBC-8C6B-9E84AE5CA58C}.AppStore|Any CPU.ActiveCfg = AppStore|iPhone
		{1056F48F-1FDD-4FBC-8C6B-9E84AE5CA58C}.AppStore|ARM.ActiveCfg = AppStore|iPhone
		{1056F48F-1FDD-4FBC-8C6B-9E84AE5CA58C}.AppStore|iPhone.ActiveCfg = AppStore|iPhone
		{1056F48F-1FDD-4FBC-8C6B-9E84AE5CA58C}.AppStore|iPhone.Build.0 = AppStore|iPhone
		{1056F48F-1FDD-4FBC-8C6B-9E84AE5CA58C}.AppStore|iPhoneSimulator.ActiveCfg = AppStore|iPhoneSimulator
		{1056F48F-1FDD-4FBC-8C6B-9E84AE5CA58C}.AppStore|iPhoneSimulator.Build.0 = AppStore|iPhoneSimulator
		{1056F48F-1FDD-4FBC-8C6B-9E84AE5CA58C}.AppStore|x64.ActiveCfg = AppStore|iPhone
		{1056F48F-1FDD-4FBC-8C6B-9E84AE5CA58C}.AppStore|x86.ActiveCfg = AppStore|iPhone
		{1056F48F-1FDD-4FBC-8C6B-9E84AE5CA58C}.Debug|Any CPU.ActiveCfg = Debug|iPhone
		{1056F48F-1FDD-4FBC-8C6B-9E84AE5CA58C}.Debug|ARM.ActiveCfg = Debug|iPhone
		{1056F48F-1FDD-4FBC-8C6B-9E84AE5CA58C}.Debug|iPhone.ActiveCfg = Debug|iPhone
		{1056F48F-1FDD-4FBC-8C6B-9E84AE5CA58C}.Debug|iPhone.Build.0 = Debug|iPhone
		{1056F48F-1FDD-4FBC-8C6B-9E84AE5CA58C}.Debug|iPhoneSimulator.ActiveCfg = Debug|iPhoneSimulator
		{1056F48F-1FDD-4FBC-8C6B-9E84AE5CA58C}.Debug|iPhoneSimulator.Build.0 = Debug|iPhoneSimulator
		{1056F48F-1FDD-4FBC-8C6B-9E84AE5CA58C}.Debug|x64.ActiveCfg = Debug|iPhone
		{1056F48F-1FDD-4FBC-8C6B-9E84AE5CA58C}.Debug|x86.ActiveCfg = Debug|iPhone
		{1056F48F-1FDD-4FBC-8C6B-9E84AE5CA58C}.Release|Any CPU.ActiveCfg = Release|iPhone
		{1056F48F-1FDD-4FBC-8C6B-9E84AE5CA58C}.Release|ARM.ActiveCfg = Release|iPhone
		{1056F48F-1FDD-4FBC-8C6B-9E84AE5CA58C}.Release|iPhone.ActiveCfg = Release|iPhone
		{1056F48F-1FDD-4FBC-8C6B-9E84AE5CA58C}.Release|iPhone.Build.0 = Release|iPhone
		{1056F48F-1FDD-4FBC-8C6B-9E84AE5CA58C}.Release|iPhoneSimulator.ActiveCfg = Release|iPhoneSimulator
		{1056F48F-1FDD-4FBC-8C6B-9E84AE5CA58C}.Release|iPhoneSimulator.Build.0 = Release|iPhoneSimulator
		{1056F48F-1FDD-4FBC-8C6B-9E84AE5CA58C}.Release|x64.ActiveCfg = Release|iPhone
		{1056F48F-1FDD-4FBC-8C6B-9E84AE5CA58C}.Release|x86.ActiveCfg = Release|iPhone
		{08D60A00-8FD4-47CC-8F81-BEEAB348C08A}.Ad-Hoc|Any CPU.ActiveCfg = Release|Any CPU
		{08D60A00-8FD4-47CC-8F81-BEEAB348C08A}.Ad-Hoc|Any CPU.Build.0 = Release|Any CPU
		{08D60A00-8FD4-47CC-8F81-BEEAB348C08A}.Ad-Hoc|Any CPU.Deploy.0 = Release|Any CPU
		{08D60A00-8FD4-47CC-8F81-BEEAB348C08A}.Ad-Hoc|ARM.ActiveCfg = Release|ARM
		{08D60A00-8FD4-47CC-8F81-BEEAB348C08A}.Ad-Hoc|ARM.Build.0 = Release|ARM
		{08D60A00-8FD4-47CC-8F81-BEEAB348C08A}.Ad-Hoc|ARM.Deploy.0 = Release|ARM
		{08D60A00-8FD4-47CC-8F81-BEEAB348C08A}.Ad-Hoc|iPhone.ActiveCfg = Release|Any CPU
		{08D60A00-8FD4-47CC-8F81-BEEAB348C08A}.Ad-Hoc|iPhone.Build.0 = Release|Any CPU
		{08D60A00-8FD4-47CC-8F81-BEEAB348C08A}.Ad-Hoc|iPhone.Deploy.0 = Release|Any CPU
		{08D60A00-8FD4-47CC-8F81-BEEAB348C08A}.Ad-Hoc|iPhoneSimulator.ActiveCfg = Release|Any CPU
		{08D60A00-8FD4-47CC-8F81-BEEAB348C08A}.Ad-Hoc|iPhoneSimulator.Build.0 = Release|Any CPU
		{08D60A00-8FD4-47CC-8F81-BEEAB348C08A}.Ad-Hoc|iPhoneSimulator.Deploy.0 = Release|Any CPU
		{08D60A00-8FD4-47CC-8F81-BEEAB348C08A}.Ad-Hoc|x64.ActiveCfg = Release|Any CPU
		{08D60A00-8FD4-47CC-8F81-BEEAB348C08A}.Ad-Hoc|x64.Build.0 = Release|Any CPU
		{08D60A00-8FD4-47CC-8F81-BEEAB348C08A}.Ad-Hoc|x64.Deploy.0 = Release|Any CPU
		{08D60A00-8FD4-47CC-8F81-BEEAB348C08A}.Ad-Hoc|x86.ActiveCfg = Release|x86
		{08D60A00-8FD4-47CC-8F81-BEEAB348C08A}.Ad-Hoc|x86.Build.0 = Release|x86
		{08D60A00-8FD4-47CC-8F81-BEEAB348C08A}.Ad-Hoc|x86.Deploy.0 = Release|x86
		{08D60A00-8FD4-47CC-8F81-BEEAB348C08A}.AppStore|Any CPU.ActiveCfg = Release|Any CPU
		{08D60A00-8FD4-47CC-8F81-BEEAB348C08A}.AppStore|Any CPU.Build.0 = Release|Any CPU
		{08D60A00-8FD4-47CC-8F81-BEEAB348C08A}.AppStore|Any CPU.Deploy.0 = Release|Any CPU
		{08D60A00-8FD4-47CC-8F81-BEEAB348C08A}.AppStore|ARM.ActiveCfg = Release|ARM
		{08D60A00-8FD4-47CC-8F81-BEEAB348C08A}.AppStore|ARM.Build.0 = Release|ARM
		{08D60A00-8FD4-47CC-8F81-BEEAB348C08A}.AppStore|ARM.Deploy.0 = Release|ARM
		{08D60A00-8FD4-47CC-8F81-BEEAB348C08A}.AppStore|iPhone.ActiveCfg = Release|Any CPU
		{08D60A00-8FD4-47CC-8F81-BEEAB348C08A}.AppStore|iPhone.Build.0 = Release|Any CPU
		{08D60A00-8FD4-47CC-8F81-BEEAB348C08A}.AppStore|iPhone.Deploy.0 = Release|Any CPU
		{08D60A00-8FD4-47CC-8F81-BEEAB348C08A}.AppStore|iPhoneSimulator.ActiveCfg = Release|Any CPU
		{08D60A00-8FD4-47CC-8F81-BEEAB348C08A}.AppStore|iPhoneSimulator.Build.0 = Release|Any CPU
		{08D60A00-8FD4-47CC-8F81-BEEAB348C08A}.AppStore|iPhoneSimulator.Deploy.0 = Release|Any CPU
		{08D60A00-8FD4-47CC-8F81-BEEAB348C08A}.AppStore|x64.ActiveCfg = Release|Any CPU
		{08D60A00-8FD4-47CC-8F81-BEEAB348C08A}.AppStore|x64.Build.0 = Release|Any CPU
		{08D60A00-8FD4-47CC-8F81-BEEAB348C08A}.AppStore|x64.Deploy.0 = Release|Any CPU
		{08D60A00-8FD4-47CC-8F81-BEEAB348C08A}.AppStore|x86.ActiveCfg = Release|x86
		{08D60A00-8FD4-47CC-8F81-BEEAB348C08A}.AppStore|x86.Build.0 = Release|x86
		{08D60A00-8FD4-47CC-8F81-BEEAB348C08A}.AppStore|x86.Deploy.0 = Release|x86
		{08D60A00-8FD4-47CC-8F81-BEEAB348C08A}.Debug|Any CPU.ActiveCfg = Debug|Any CPU
		{08D60A00-8FD4-47CC-8F81-BEEAB348C08A}.Debug|Any CPU.Build.0 = Debug|Any CPU
		{08D60A00-8FD4-47CC-8F81-BEEAB348C08A}.Debug|Any CPU.Deploy.0 = Debug|Any CPU
		{08D60A00-8FD4-47CC-8F81-BEEAB348C08A}.Debug|ARM.ActiveCfg = Debug|ARM
		{08D60A00-8FD4-47CC-8F81-BEEAB348C08A}.Debug|ARM.Build.0 = Debug|ARM
		{08D60A00-8FD4-47CC-8F81-BEEAB348C08A}.Debug|ARM.Deploy.0 = Debug|ARM
		{08D60A00-8FD4-47CC-8F81-BEEAB348C08A}.Debug|iPhone.ActiveCfg = Debug|Any CPU
		{08D60A00-8FD4-47CC-8F81-BEEAB348C08A}.Debug|iPhone.Build.0 = Debug|Any CPU
		{08D60A00-8FD4-47CC-8F81-BEEAB348C08A}.Debug|iPhone.Deploy.0 = Debug|Any CPU
		{08D60A00-8FD4-47CC-8F81-BEEAB348C08A}.Debug|iPhoneSimulator.ActiveCfg = Debug|Any CPU
		{08D60A00-8FD4-47CC-8F81-BEEAB348C08A}.Debug|iPhoneSimulator.Build.0 = Debug|Any CPU
		{08D60A00-8FD4-47CC-8F81-BEEAB348C08A}.Debug|iPhoneSimulator.Deploy.0 = Debug|Any CPU
		{08D60A00-8FD4-47CC-8F81-BEEAB348C08A}.Debug|x64.ActiveCfg = Debug|Any CPU
		{08D60A00-8FD4-47CC-8F81-BEEAB348C08A}.Debug|x64.Build.0 = Debug|Any CPU
		{08D60A00-8FD4-47CC-8F81-BEEAB348C08A}.Debug|x64.Deploy.0 = Debug|Any CPU
		{08D60A00-8FD4-47CC-8F81-BEEAB348C08A}.Debug|x86.ActiveCfg = Debug|x86
		{08D60A00-8FD4-47CC-8F81-BEEAB348C08A}.Debug|x86.Build.0 = Debug|x86
		{08D60A00-8FD4-47CC-8F81-BEEAB348C08A}.Debug|x86.Deploy.0 = Debug|x86
		{08D60A00-8FD4-47CC-8F81-BEEAB348C08A}.Release|Any CPU.ActiveCfg = Release|Any CPU
		{08D60A00-8FD4-47CC-8F81-BEEAB348C08A}.Release|Any CPU.Build.0 = Release|Any CPU
		{08D60A00-8FD4-47CC-8F81-BEEAB348C08A}.Release|Any CPU.Deploy.0 = Release|Any CPU
		{08D60A00-8FD4-47CC-8F81-BEEAB348C08A}.Release|ARM.ActiveCfg = Release|ARM
		{08D60A00-8FD4-47CC-8F81-BEEAB348C08A}.Release|ARM.Build.0 = Release|ARM
		{08D60A00-8FD4-47CC-8F81-BEEAB348C08A}.Release|ARM.Deploy.0 = Release|ARM
		{08D60A00-8FD4-47CC-8F81-BEEAB348C08A}.Release|iPhone.ActiveCfg = Release|Any CPU
		{08D60A00-8FD4-47CC-8F81-BEEAB348C08A}.Release|iPhone.Build.0 = Release|Any CPU
		{08D60A00-8FD4-47CC-8F81-BEEAB348C08A}.Release|iPhone.Deploy.0 = Release|Any CPU
		{08D60A00-8FD4-47CC-8F81-BEEAB348C08A}.Release|iPhoneSimulator.ActiveCfg = Release|Any CPU
		{08D60A00-8FD4-47CC-8F81-BEEAB348C08A}.Release|iPhoneSimulator.Build.0 = Release|Any CPU
		{08D60A00-8FD4-47CC-8F81-BEEAB348C08A}.Release|iPhoneSimulator.Deploy.0 = Release|Any CPU
		{08D60A00-8FD4-47CC-8F81-BEEAB348C08A}.Release|x64.ActiveCfg = Release|Any CPU
		{08D60A00-8FD4-47CC-8F81-BEEAB348C08A}.Release|x64.Build.0 = Release|Any CPU
		{08D60A00-8FD4-47CC-8F81-BEEAB348C08A}.Release|x64.Deploy.0 = Release|Any CPU
		{08D60A00-8FD4-47CC-8F81-BEEAB348C08A}.Release|x86.ActiveCfg = Release|x86
		{08D60A00-8FD4-47CC-8F81-BEEAB348C08A}.Release|x86.Build.0 = Release|x86
		{08D60A00-8FD4-47CC-8F81-BEEAB348C08A}.Release|x86.Deploy.0 = Release|x86
		{5243AB86-69B3-429A-9C0E-39A98A6AB05A}.Ad-Hoc|Any CPU.ActiveCfg = Release|x86
		{5243AB86-69B3-429A-9C0E-39A98A6AB05A}.Ad-Hoc|Any CPU.Build.0 = Release|x86
		{5243AB86-69B3-429A-9C0E-39A98A6AB05A}.Ad-Hoc|Any CPU.Deploy.0 = Release|x86
		{5243AB86-69B3-429A-9C0E-39A98A6AB05A}.Ad-Hoc|ARM.ActiveCfg = Release|ARM
		{5243AB86-69B3-429A-9C0E-39A98A6AB05A}.Ad-Hoc|ARM.Build.0 = Release|ARM
		{5243AB86-69B3-429A-9C0E-39A98A6AB05A}.Ad-Hoc|ARM.Deploy.0 = Release|ARM
		{5243AB86-69B3-429A-9C0E-39A98A6AB05A}.Ad-Hoc|iPhone.ActiveCfg = Release|x86
		{5243AB86-69B3-429A-9C0E-39A98A6AB05A}.Ad-Hoc|iPhone.Build.0 = Release|x86
		{5243AB86-69B3-429A-9C0E-39A98A6AB05A}.Ad-Hoc|iPhone.Deploy.0 = Release|x86
		{5243AB86-69B3-429A-9C0E-39A98A6AB05A}.Ad-Hoc|iPhoneSimulator.ActiveCfg = Release|x86
		{5243AB86-69B3-429A-9C0E-39A98A6AB05A}.Ad-Hoc|iPhoneSimulator.Build.0 = Release|x86
		{5243AB86-69B3-429A-9C0E-39A98A6AB05A}.Ad-Hoc|iPhoneSimulator.Deploy.0 = Release|x86
		{5243AB86-69B3-429A-9C0E-39A98A6AB05A}.Ad-Hoc|x64.ActiveCfg = Release|x64
		{5243AB86-69B3-429A-9C0E-39A98A6AB05A}.Ad-Hoc|x64.Build.0 = Release|x64
		{5243AB86-69B3-429A-9C0E-39A98A6AB05A}.Ad-Hoc|x64.Deploy.0 = Release|x64
		{5243AB86-69B3-429A-9C0E-39A98A6AB05A}.Ad-Hoc|x86.ActiveCfg = Release|x86
		{5243AB86-69B3-429A-9C0E-39A98A6AB05A}.Ad-Hoc|x86.Build.0 = Release|x86
		{5243AB86-69B3-429A-9C0E-39A98A6AB05A}.Ad-Hoc|x86.Deploy.0 = Release|x86
		{5243AB86-69B3-429A-9C0E-39A98A6AB05A}.AppStore|Any CPU.ActiveCfg = Release|x86
		{5243AB86-69B3-429A-9C0E-39A98A6AB05A}.AppStore|Any CPU.Build.0 = Release|x86
		{5243AB86-69B3-429A-9C0E-39A98A6AB05A}.AppStore|Any CPU.Deploy.0 = Release|x86
		{5243AB86-69B3-429A-9C0E-39A98A6AB05A}.AppStore|ARM.ActiveCfg = Release|ARM
		{5243AB86-69B3-429A-9C0E-39A98A6AB05A}.AppStore|ARM.Build.0 = Release|ARM
		{5243AB86-69B3-429A-9C0E-39A98A6AB05A}.AppStore|ARM.Deploy.0 = Release|ARM
		{5243AB86-69B3-429A-9C0E-39A98A6AB05A}.AppStore|iPhone.ActiveCfg = Release|x86
		{5243AB86-69B3-429A-9C0E-39A98A6AB05A}.AppStore|iPhone.Build.0 = Release|x86
		{5243AB86-69B3-429A-9C0E-39A98A6AB05A}.AppStore|iPhone.Deploy.0 = Release|x86
		{5243AB86-69B3-429A-9C0E-39A98A6AB05A}.AppStore|iPhoneSimulator.ActiveCfg = Release|x86
		{5243AB86-69B3-429A-9C0E-39A98A6AB05A}.AppStore|iPhoneSimulator.Build.0 = Release|x86
		{5243AB86-69B3-429A-9C0E-39A98A6AB05A}.AppStore|iPhoneSimulator.Deploy.0 = Release|x86
		{5243AB86-69B3-429A-9C0E-39A98A6AB05A}.AppStore|x64.ActiveCfg = Release|x64
		{5243AB86-69B3-429A-9C0E-39A98A6AB05A}.AppStore|x64.Build.0 = Release|x64
		{5243AB86-69B3-429A-9C0E-39A98A6AB05A}.AppStore|x64.Deploy.0 = Release|x64
		{5243AB86-69B3-429A-9C0E-39A98A6AB05A}.AppStore|x86.ActiveCfg = Release|x86
		{5243AB86-69B3-429A-9C0E-39A98A6AB05A}.AppStore|x86.Build.0 = Release|x86
		{5243AB86-69B3-429A-9C0E-39A98A6AB05A}.AppStore|x86.Deploy.0 = Release|x86
		{5243AB86-69B3-429A-9C0E-39A98A6AB05A}.Debug|Any CPU.ActiveCfg = Debug|x86
		{5243AB86-69B3-429A-9C0E-39A98A6AB05A}.Debug|ARM.ActiveCfg = Debug|ARM
		{5243AB86-69B3-429A-9C0E-39A98A6AB05A}.Debug|ARM.Build.0 = Debug|ARM
		{5243AB86-69B3-429A-9C0E-39A98A6AB05A}.Debug|ARM.Deploy.0 = Debug|ARM
		{5243AB86-69B3-429A-9C0E-39A98A6AB05A}.Debug|iPhone.ActiveCfg = Debug|x86
		{5243AB86-69B3-429A-9C0E-39A98A6AB05A}.Debug|iPhoneSimulator.ActiveCfg = Debug|x86
		{5243AB86-69B3-429A-9C0E-39A98A6AB05A}.Debug|x64.ActiveCfg = Debug|x64
		{5243AB86-69B3-429A-9C0E-39A98A6AB05A}.Debug|x64.Build.0 = Debug|x64
		{5243AB86-69B3-429A-9C0E-39A98A6AB05A}.Debug|x64.Deploy.0 = Debug|x64
		{5243AB86-69B3-429A-9C0E-39A98A6AB05A}.Debug|x86.ActiveCfg = Debug|x86
		{5243AB86-69B3-429A-9C0E-39A98A6AB05A}.Debug|x86.Build.0 = Debug|x86
		{5243AB86-69B3-429A-9C0E-39A98A6AB05A}.Debug|x86.Deploy.0 = Debug|x86
		{5243AB86-69B3-429A-9C0E-39A98A6AB05A}.Release|Any CPU.ActiveCfg = Release|x86
		{5243AB86-69B3-429A-9C0E-39A98A6AB05A}.Release|ARM.ActiveCfg = Release|ARM
		{5243AB86-69B3-429A-9C0E-39A98A6AB05A}.Release|ARM.Build.0 = Release|ARM
		{5243AB86-69B3-429A-9C0E-39A98A6AB05A}.Release|ARM.Deploy.0 = Release|ARM
		{5243AB86-69B3-429A-9C0E-39A98A6AB05A}.Release|iPhone.ActiveCfg = Release|x86
		{5243AB86-69B3-429A-9C0E-39A98A6AB05A}.Release|iPhoneSimulator.ActiveCfg = Release|x86
		{5243AB86-69B3-429A-9C0E-39A98A6AB05A}.Release|x64.ActiveCfg = Release|x64
		{5243AB86-69B3-429A-9C0E-39A98A6AB05A}.Release|x64.Build.0 = Release|x64
		{5243AB86-69B3-429A-9C0E-39A98A6AB05A}.Release|x64.Deploy.0 = Release|x64
		{5243AB86-69B3-429A-9C0E-39A98A6AB05A}.Release|x86.ActiveCfg = Release|x86
		{5243AB86-69B3-429A-9C0E-39A98A6AB05A}.Release|x86.Build.0 = Release|x86
		{5243AB86-69B3-429A-9C0E-39A98A6AB05A}.Release|x86.Deploy.0 = Release|x86
		{A99FB5B7-50C0-4596-BA1E-5C5E80C365A3}.Ad-Hoc|Any CPU.ActiveCfg = Release|Any CPU
		{A99FB5B7-50C0-4596-BA1E-5C5E80C365A3}.Ad-Hoc|Any CPU.Build.0 = Release|Any CPU
		{A99FB5B7-50C0-4596-BA1E-5C5E80C365A3}.Ad-Hoc|Any CPU.Deploy.0 = Release|Any CPU
		{A99FB5B7-50C0-4596-BA1E-5C5E80C365A3}.Ad-Hoc|ARM.ActiveCfg = Release|ARM
		{A99FB5B7-50C0-4596-BA1E-5C5E80C365A3}.Ad-Hoc|ARM.Build.0 = Release|ARM
		{A99FB5B7-50C0-4596-BA1E-5C5E80C365A3}.Ad-Hoc|ARM.Deploy.0 = Release|ARM
		{A99FB5B7-50C0-4596-BA1E-5C5E80C365A3}.Ad-Hoc|iPhone.ActiveCfg = Release|Any CPU
		{A99FB5B7-50C0-4596-BA1E-5C5E80C365A3}.Ad-Hoc|iPhone.Build.0 = Release|Any CPU
		{A99FB5B7-50C0-4596-BA1E-5C5E80C365A3}.Ad-Hoc|iPhone.Deploy.0 = Release|Any CPU
		{A99FB5B7-50C0-4596-BA1E-5C5E80C365A3}.Ad-Hoc|iPhoneSimulator.ActiveCfg = Release|Any CPU
		{A99FB5B7-50C0-4596-BA1E-5C5E80C365A3}.Ad-Hoc|iPhoneSimulator.Build.0 = Release|Any CPU
		{A99FB5B7-50C0-4596-BA1E-5C5E80C365A3}.Ad-Hoc|iPhoneSimulator.Deploy.0 = Release|Any CPU
		{A99FB5B7-50C0-4596-BA1E-5C5E80C365A3}.Ad-Hoc|x64.ActiveCfg = Release|x64
		{A99FB5B7-50C0-4596-BA1E-5C5E80C365A3}.Ad-Hoc|x64.Build.0 = Release|x64
		{A99FB5B7-50C0-4596-BA1E-5C5E80C365A3}.Ad-Hoc|x64.Deploy.0 = Release|x64
		{A99FB5B7-50C0-4596-BA1E-5C5E80C365A3}.Ad-Hoc|x86.ActiveCfg = Release|x86
		{A99FB5B7-50C0-4596-BA1E-5C5E80C365A3}.Ad-Hoc|x86.Build.0 = Release|x86
		{A99FB5B7-50C0-4596-BA1E-5C5E80C365A3}.Ad-Hoc|x86.Deploy.0 = Release|x86
		{A99FB5B7-50C0-4596-BA1E-5C5E80C365A3}.AppStore|Any CPU.ActiveCfg = Release|Any CPU
		{A99FB5B7-50C0-4596-BA1E-5C5E80C365A3}.AppStore|Any CPU.Build.0 = Release|Any CPU
		{A99FB5B7-50C0-4596-BA1E-5C5E80C365A3}.AppStore|Any CPU.Deploy.0 = Release|Any CPU
		{A99FB5B7-50C0-4596-BA1E-5C5E80C365A3}.AppStore|ARM.ActiveCfg = Release|ARM
		{A99FB5B7-50C0-4596-BA1E-5C5E80C365A3}.AppStore|ARM.Build.0 = Release|ARM
		{A99FB5B7-50C0-4596-BA1E-5C5E80C365A3}.AppStore|ARM.Deploy.0 = Release|ARM
		{A99FB5B7-50C0-4596-BA1E-5C5E80C365A3}.AppStore|iPhone.ActiveCfg = Release|Any CPU
		{A99FB5B7-50C0-4596-BA1E-5C5E80C365A3}.AppStore|iPhone.Build.0 = Release|Any CPU
		{A99FB5B7-50C0-4596-BA1E-5C5E80C365A3}.AppStore|iPhone.Deploy.0 = Release|Any CPU
		{A99FB5B7-50C0-4596-BA1E-5C5E80C365A3}.AppStore|iPhoneSimulator.ActiveCfg = Release|Any CPU
		{A99FB5B7-50C0-4596-BA1E-5C5E80C365A3}.AppStore|iPhoneSimulator.Build.0 = Release|Any CPU
		{A99FB5B7-50C0-4596-BA1E-5C5E80C365A3}.AppStore|iPhoneSimulator.Deploy.0 = Release|Any CPU
		{A99FB5B7-50C0-4596-BA1E-5C5E80C365A3}.AppStore|x64.ActiveCfg = Release|x64
		{A99FB5B7-50C0-4596-BA1E-5C5E80C365A3}.AppStore|x64.Build.0 = Release|x64
		{A99FB5B7-50C0-4596-BA1E-5C5E80C365A3}.AppStore|x64.Deploy.0 = Release|x64
		{A99FB5B7-50C0-4596-BA1E-5C5E80C365A3}.AppStore|x86.ActiveCfg = Release|x86
		{A99FB5B7-50C0-4596-BA1E-5C5E80C365A3}.AppStore|x86.Build.0 = Release|x86
		{A99FB5B7-50C0-4596-BA1E-5C5E80C365A3}.AppStore|x86.Deploy.0 = Release|x86
		{A99FB5B7-50C0-4596-BA1E-5C5E80C365A3}.Debug|Any CPU.ActiveCfg = Debug|Any CPU
		{A99FB5B7-50C0-4596-BA1E-5C5E80C365A3}.Debug|Any CPU.Build.0 = Debug|Any CPU
		{A99FB5B7-50C0-4596-BA1E-5C5E80C365A3}.Debug|Any CPU.Deploy.0 = Debug|Any CPU
		{A99FB5B7-50C0-4596-BA1E-5C5E80C365A3}.Debug|ARM.ActiveCfg = Debug|ARM
		{A99FB5B7-50C0-4596-BA1E-5C5E80C365A3}.Debug|ARM.Build.0 = Debug|ARM
		{A99FB5B7-50C0-4596-BA1E-5C5E80C365A3}.Debug|ARM.Deploy.0 = Debug|ARM
		{A99FB5B7-50C0-4596-BA1E-5C5E80C365A3}.Debug|iPhone.ActiveCfg = Debug|Any CPU
		{A99FB5B7-50C0-4596-BA1E-5C5E80C365A3}.Debug|iPhone.Build.0 = Debug|Any CPU
		{A99FB5B7-50C0-4596-BA1E-5C5E80C365A3}.Debug|iPhone.Deploy.0 = Debug|Any CPU
		{A99FB5B7-50C0-4596-BA1E-5C5E80C365A3}.Debug|iPhoneSimulator.ActiveCfg = Debug|Any CPU
		{A99FB5B7-50C0-4596-BA1E-5C5E80C365A3}.Debug|iPhoneSimulator.Build.0 = Debug|Any CPU
		{A99FB5B7-50C0-4596-BA1E-5C5E80C365A3}.Debug|iPhoneSimulator.Deploy.0 = Debug|Any CPU
		{A99FB5B7-50C0-4596-BA1E-5C5E80C365A3}.Debug|x64.ActiveCfg = Debug|x64
		{A99FB5B7-50C0-4596-BA1E-5C5E80C365A3}.Debug|x64.Build.0 = Debug|x64
		{A99FB5B7-50C0-4596-BA1E-5C5E80C365A3}.Debug|x64.Deploy.0 = Debug|x64
		{A99FB5B7-50C0-4596-BA1E-5C5E80C365A3}.Debug|x86.ActiveCfg = Debug|x86
		{A99FB5B7-50C0-4596-BA1E-5C5E80C365A3}.Debug|x86.Build.0 = Debug|x86
		{A99FB5B7-50C0-4596-BA1E-5C5E80C365A3}.Debug|x86.Deploy.0 = Debug|x86
		{A99FB5B7-50C0-4596-BA1E-5C5E80C365A3}.Release|Any CPU.ActiveCfg = Release|Any CPU
		{A99FB5B7-50C0-4596-BA1E-5C5E80C365A3}.Release|Any CPU.Build.0 = Release|Any CPU
		{A99FB5B7-50C0-4596-BA1E-5C5E80C365A3}.Release|Any CPU.Deploy.0 = Release|Any CPU
		{A99FB5B7-50C0-4596-BA1E-5C5E80C365A3}.Release|ARM.ActiveCfg = Release|ARM
		{A99FB5B7-50C0-4596-BA1E-5C5E80C365A3}.Release|ARM.Build.0 = Release|ARM
		{A99FB5B7-50C0-4596-BA1E-5C5E80C365A3}.Release|ARM.Deploy.0 = Release|ARM
		{A99FB5B7-50C0-4596-BA1E-5C5E80C365A3}.Release|iPhone.ActiveCfg = Release|Any CPU
		{A99FB5B7-50C0-4596-BA1E-5C5E80C365A3}.Release|iPhone.Build.0 = Release|Any CPU
		{A99FB5B7-50C0-4596-BA1E-5C5E80C365A3}.Release|iPhone.Deploy.0 = Release|Any CPU
		{A99FB5B7-50C0-4596-BA1E-5C5E80C365A3}.Release|iPhoneSimulator.ActiveCfg = Release|Any CPU
		{A99FB5B7-50C0-4596-BA1E-5C5E80C365A3}.Release|iPhoneSimulator.Build.0 = Release|Any CPU
		{A99FB5B7-50C0-4596-BA1E-5C5E80C365A3}.Release|iPhoneSimulator.Deploy.0 = Release|Any CPU
		{A99FB5B7-50C0-4596-BA1E-5C5E80C365A3}.Release|x64.ActiveCfg = Release|x64
		{A99FB5B7-50C0-4596-BA1E-5C5E80C365A3}.Release|x64.Build.0 = Release|x64
		{A99FB5B7-50C0-4596-BA1E-5C5E80C365A3}.Release|x64.Deploy.0 = Release|x64
		{A99FB5B7-50C0-4596-BA1E-5C5E80C365A3}.Release|x86.ActiveCfg = Release|x86
		{A99FB5B7-50C0-4596-BA1E-5C5E80C365A3}.Release|x86.Build.0 = Release|x86
		{A99FB5B7-50C0-4596-BA1E-5C5E80C365A3}.Release|x86.Deploy.0 = Release|x86
	EndGlobalSection
	GlobalSection(SolutionProperties) = preSolution
		HideSolutionNode = FALSE
	EndGlobalSection
EndGlobal
